<?xml version="1.0" encoding="utf-8"?>
<Project ToolsVersion="4.0" xmlns="http://schemas.microsoft.com/developer/msbuild/2003">
  <ItemGroup>
    <Filter Include="LIB">
      <UniqueIdentifier>{8b51be4a-045b-4db3-b4bf-f36d1bd5ac8c}</UniqueIdentifier>
    </Filter>
    <Filter Include="PS">
      <UniqueIdentifier>{116468c8-dcb1-4131-af4b-b5504c7f9747}</UniqueIdentifier>
    </Filter>
    <Filter Include="VS">
      <UniqueIdentifier>{d5d7b4cd-ce9f-4a1c-928b-cc0c623a0477}</UniqueIdentifier>
    </Filter>
  </ItemGroup>
  <ItemGroup>
    <None Include="$(MSBuildThisFileDirectory)Textures.hlsli">
      <Filter>LIB</Filter>
    </None>
    <None Include="$(MSBuildThisFileDirectory)Samplers.hlsli">
      <Filter>LIB</Filter>
    </None>
    <None Include="$(MSBuildThisFileDirectory)ConstantBuffers.hlsli">
      <Filter>LIB</Filter>
    </None>
  </ItemGroup>
  <ItemGroup>
    <FxCompile Include="$(MSBuildThisFileDirectory)TrianglePS.hlsl">
      <Filter>PS</Filter>
    </FxCompile>
    <FxCompile Include="$(MSBuildThisFileDirectory)Sprite-DefaultPS.hlsl">
      <Filter>PS</Filter>
    </FxCompile>
    <FxCompile Include="$(MSBuildThisFileDirectory)TriangleVS.hlsl">
      <Filter>VS</Filter>
    </FxCompile>
    <FxCompile Include="$(MSBuildThisFileDirectory)Sprite-DefaultVS.hlsl">
      <Filter>VS</Filter>
    </FxCompile>
    <FxCompile Include="$(MSBuildThisFileDirectory)WireframeVS.hlsl">
      <Filter>VS</Filter>
    </FxCompile>
    <FxCompile Include="$(MSBuildThisFileDirectory)WireframePS.hlsl">
      <Filter>PS</Filter>
    </FxCompile>
  </ItemGroup>
</Project>