<?xml version="1.0" encoding="utf-8"?>
<Project ToolsVersion="4.0" xmlns="http://schemas.microsoft.com/developer/msbuild/2003">
  <ItemGroup>
    <Filter Include="소스 파일">
      <UniqueIdentifier>{4FC737F1-C7A5-4376-A066-2A32D752A2FF}</UniqueIdentifier>
      <Extensions>cpp;c;cc;cxx;c++;cppm;ixx;def;odl;idl;hpj;bat;asm;asmx</Extensions>
    </Filter>
    <Filter Include="헤더 파일">
      <UniqueIdentifier>{93995380-89BD-4b04-88EB-625FBE52EBFB}</UniqueIdentifier>
      <Extensions>h;hh;hpp;hxx;h++;hm;inl;inc;ipp;xsd</Extensions>
    </Filter>
    <Filter Include="리소스 파일">
      <UniqueIdentifier>{67DA6AB6-F800-4c08-8B7A-83BB121AAD01}</UniqueIdentifier>
      <Extensions>rc;ico;cur;bmp;dlg;rc2;rct;bin;rgs;gif;jpg;jpeg;jpe;resx;tiff;tif;png;wav;mfcribbon-ms</Extensions>
    </Filter>
    <Filter Include="Engine">
      <UniqueIdentifier>{02f65f42-4fd5-4999-a9b1-e6209936fb18}</UniqueIdentifier>
    </Filter>
    <Filter Include="Engine\01. Header">
      <UniqueIdentifier>{5647ccd3-c743-435b-b29f-51f8d532eda6}</UniqueIdentifier>
    </Filter>
    <Filter Include="Engine\01. Header\Math">
      <UniqueIdentifier>{d5702ad6-120a-4102-8f3b-bc77c94ffbd3}</UniqueIdentifier>
    </Filter>
    <Filter Include="Engine\02. Core">
      <UniqueIdentifier>{3f3df4ad-ea0b-4098-9998-511c08ced306}</UniqueIdentifier>
    </Filter>
    <Filter Include="Engine\03. Entity">
      <UniqueIdentifier>{e4a55489-ef84-4a3e-a219-42c1b5b4aa3d}</UniqueIdentifier>
    </Filter>
    <Filter Include="Engine\04. Manager">
      <UniqueIdentifier>{4dbc3468-2e76-4c22-b1f9-7581d6482949}</UniqueIdentifier>
    </Filter>
    <Filter Include="Engine\04. Manager\CollisionManager">
      <UniqueIdentifier>{8e99786e-0b6b-4184-807b-024ae154b76a}</UniqueIdentifier>
    </Filter>
    <Filter Include="Engine\04. Manager\DamageManager">
      <UniqueIdentifier>{87697990-165d-44cc-aae6-0fbc95f8ea68}</UniqueIdentifier>
    </Filter>
    <Filter Include="Engine\04. Manager\PathManager">
      <UniqueIdentifier>{a420055e-3962-4884-acd2-8995224c48a2}</UniqueIdentifier>
    </Filter>
    <Filter Include="Engine\04. Manager\ResourceManager">
      <UniqueIdentifier>{34146c55-cc87-4f66-b88e-f894cade0880}</UniqueIdentifier>
    </Filter>
    <Filter Include="Engine\04. Manager\SceneManager">
      <UniqueIdentifier>{8faadbc9-7a89-4b56-a206-b442473aa090}</UniqueIdentifier>
    </Filter>
    <Filter Include="Engine\04. Manager\UIManager">
      <UniqueIdentifier>{ba0206c4-f492-400f-8650-60d9d745a89e}</UniqueIdentifier>
    </Filter>
    <Filter Include="Engine\05. Object">
      <UniqueIdentifier>{e46885ce-9b1c-41e3-a45e-00e2870424f3}</UniqueIdentifier>
    </Filter>
    <Filter Include="Engine\05. Object\Damage">
      <UniqueIdentifier>{c8ea488c-812a-4a99-9e70-55900536d331}</UniqueIdentifier>
    </Filter>
    <Filter Include="Engine\05. Object\GameObject">
      <UniqueIdentifier>{75d92701-3d8a-40b5-9950-a2bb5e799218}</UniqueIdentifier>
    </Filter>
    <Filter Include="Engine\05. Object\Ground">
      <UniqueIdentifier>{af023911-fb1b-4111-9e2d-82973d5739da}</UniqueIdentifier>
    </Filter>
    <Filter Include="Engine\05. Object\Item">
      <UniqueIdentifier>{3ac70284-d37e-4361-a101-140f1fd62f57}</UniqueIdentifier>
    </Filter>
    <Filter Include="Engine\05. Object\Item\Meso">
      <UniqueIdentifier>{f989c026-c25d-43ed-9f19-48791a95d432}</UniqueIdentifier>
    </Filter>
    <Filter Include="Engine\05. Object\Monster">
      <UniqueIdentifier>{717d6409-46fa-4211-9e10-90671e3240b8}</UniqueIdentifier>
    </Filter>
    <Filter Include="Engine\05. Object\Monster\MonsterScript">
      <UniqueIdentifier>{cd4ac633-a2ed-46d7-90d0-0613d125a234}</UniqueIdentifier>
    </Filter>
    <Filter Include="Engine\05. Object\Player">
      <UniqueIdentifier>{c0bad54b-5e8e-4325-a34d-27141723eff8}</UniqueIdentifier>
    </Filter>
    <Filter Include="Engine\05. Object\Player\PlayerScript">
      <UniqueIdentifier>{39900037-1c98-4e22-a4b3-0fd5c6dbe0b7}</UniqueIdentifier>
    </Filter>
    <Filter Include="Engine\05. Object\Portal">
      <UniqueIdentifier>{e1c746ee-015a-4a7a-af54-63d1f01718b2}</UniqueIdentifier>
    </Filter>
    <Filter Include="Engine\05. Object\UI">
      <UniqueIdentifier>{c3760396-25fc-4f68-a9df-2a96d9eb2745}</UniqueIdentifier>
    </Filter>
    <Filter Include="Engine\05. Object\UI\UIBtn">
      <UniqueIdentifier>{35ec7ca1-52c6-4316-b8b4-106e571b55c2}</UniqueIdentifier>
    </Filter>
    <Filter Include="Engine\05. Object\UI\UIHUD">
      <UniqueIdentifier>{2e86131a-181a-4a20-a1ea-167e19b705ca}</UniqueIdentifier>
    </Filter>
    <Filter Include="Engine\06. Scene">
      <UniqueIdentifier>{83cb3349-2d9a-467e-8df0-5f5468b5674a}</UniqueIdentifier>
    </Filter>
    <Filter Include="Engine\06. Scene\DontDestroyOnLoad">
      <UniqueIdentifier>{d4ead8f6-721f-4916-9f12-a9e4c627fc75}</UniqueIdentifier>
    </Filter>
    <Filter Include="Engine\06. Scene\LoadScene">
      <UniqueIdentifier>{7b1c67c8-e1e1-49d0-9bc5-c11f42b82dbd}</UniqueIdentifier>
    </Filter>
    <Filter Include="Engine\06. Scene\LoadingScene">
      <UniqueIdentifier>{d4ded43b-169f-40d7-8da4-b7ea1b5b0f6c}</UniqueIdentifier>
    </Filter>
    <Filter Include="Engine\06. Scene\Scene_Stage01">
      <UniqueIdentifier>{b435dcde-0408-4fc7-9530-ebc55575d702}</UniqueIdentifier>
    </Filter>
    <Filter Include="Engine\06. Scene\Scene_Stage02">
      <UniqueIdentifier>{48c96068-597d-478a-89ce-107325d5d9ee}</UniqueIdentifier>
    </Filter>
    <Filter Include="Engine\06. Scene\Scene_Start">
      <UniqueIdentifier>{404fc10d-e6d4-42d3-8ae1-3d2823393d5f}</UniqueIdentifier>
    </Filter>
    <Filter Include="Engine\11. Factory">
      <UniqueIdentifier>{fb946a2b-37a7-4843-9a21-0e7cd7862dbe}</UniqueIdentifier>
    </Filter>
    <Filter Include="Engine\10. Module">
      <UniqueIdentifier>{c283ceb9-6472-493d-9a7c-c2fb1ced8b9d}</UniqueIdentifier>
    </Filter>
    <Filter Include="Engine\09. Component">
      <UniqueIdentifier>{ea3a75c3-3d92-4707-bcf2-8c27bad7ea00}</UniqueIdentifier>
    </Filter>
    <Filter Include="Engine\09. Component\Animator">
      <UniqueIdentifier>{6c8414df-3a45-4a23-a9cc-dcbba1d26b02}</UniqueIdentifier>
    </Filter>
    <Filter Include="Engine\09. Component\Animator\Animation">
      <UniqueIdentifier>{01f53338-e830-4f04-941e-412074e68ac7}</UniqueIdentifier>
    </Filter>
    <Filter Include="Engine\09. Component\Audio">
      <UniqueIdentifier>{84512cfd-b545-419d-b00f-e352a007c841}</UniqueIdentifier>
    </Filter>
    <Filter Include="Engine\09. Component\Collider">
      <UniqueIdentifier>{378bd008-cfac-455f-9009-685eb0471914}</UniqueIdentifier>
    </Filter>
    <Filter Include="Engine\09. Component\Collider\BoxCollider2D">
      <UniqueIdentifier>{7dcfc90c-fa5d-414c-970d-b829c71b622f}</UniqueIdentifier>
    </Filter>
    <Filter Include="Engine\09. Component\Collider\CircleCollider2D">
      <UniqueIdentifier>{df29bd0b-15c5-4ea3-a43d-404f286db1f0}</UniqueIdentifier>
    </Filter>
    <Filter Include="Engine\09. Component\Gravity">
      <UniqueIdentifier>{a4579fc1-606a-4177-be77-ae5d27ed3c1c}</UniqueIdentifier>
    </Filter>
    <Filter Include="Engine\09. Component\RigidBody">
      <UniqueIdentifier>{36d905d3-2ba7-4534-84b2-7fd9c60d45d1}</UniqueIdentifier>
    </Filter>
    <Filter Include="Engine\09. Component\Script">
      <UniqueIdentifier>{3cac68d8-d49d-4af4-97d0-e67d76870d21}</UniqueIdentifier>
    </Filter>
    <Filter Include="Engine\09. Component\SpriteRenderer">
      <UniqueIdentifier>{f859a4bd-d190-4e2a-b3e7-ac22b042319b}</UniqueIdentifier>
    </Filter>
    <Filter Include="Engine\09. Component\Transform">
      <UniqueIdentifier>{f5f5749e-8b00-45c9-b6f5-e1a2e9cfda3f}</UniqueIdentifier>
    </Filter>
    <Filter Include="Engine\08. Resource">
      <UniqueIdentifier>{9b357b0a-abfd-420f-82f7-ef8f4b050920}</UniqueIdentifier>
    </Filter>
    <Filter Include="Engine\08. Resource\Audio">
      <UniqueIdentifier>{b3ca5f39-7b2b-45db-b844-7d2e783312cd}</UniqueIdentifier>
    </Filter>
    <Filter Include="Engine\08. Resource\Graphics">
      <UniqueIdentifier>{a2d6f987-8f95-4523-aa9e-edb451be31cc}</UniqueIdentifier>
    </Filter>
    <Filter Include="Engine\08. Resource\Graphics\Shader">
      <UniqueIdentifier>{1204518f-e95b-482b-82e5-63166ffd1a73}</UniqueIdentifier>
    </Filter>
    <Filter Include="Engine\08. Resource\Mesh">
      <UniqueIdentifier>{114083f4-aa31-4384-bf41-5487979b70af}</UniqueIdentifier>
    </Filter>
    <Filter Include="Engine\08. Resource\Material">
      <UniqueIdentifier>{d7d0b240-d204-4b15-949a-7d3bf54d6b3e}</UniqueIdentifier>
    </Filter>
    <Filter Include="Engine\08. Resource\Texture">
      <UniqueIdentifier>{78e42c14-eaa2-4a2c-9fc2-abf7196f2797}</UniqueIdentifier>
    </Filter>
    <Filter Include="Engine\07. Layer">
      <UniqueIdentifier>{0bd47e35-73fc-43b9-a9b6-cf03b197d991}</UniqueIdentifier>
    </Filter>
    <Filter Include="Engine\12. Fmod">
      <UniqueIdentifier>{452d159a-19e9-475d-afec-e4d099ccd854}</UniqueIdentifier>
    </Filter>
    <Filter Include="Engine\13. Graphics">
      <UniqueIdentifier>{f7db5b4a-382f-4213-9f06-0b6f31606e70}</UniqueIdentifier>
    </Filter>
    <Filter Include="Engine\13. Graphics\GraphicsDevice">
      <UniqueIdentifier>{e38466ae-36fd-4406-a99c-607f1ea40876}</UniqueIdentifier>
    </Filter>
    <Filter Include="Engine\13. Graphics\GpuBuffer">
      <UniqueIdentifier>{1a8c2497-cda7-4aa7-bb73-017d5bd8d10f}</UniqueIdentifier>
    </Filter>
    <Filter Include="Engine\13. Graphics\InputLayout">
      <UniqueIdentifier>{83bde28c-ec56-40ff-b752-ebe790618f6f}</UniqueIdentifier>
    </Filter>
    <Filter Include="Engine\09. Component\Camera">
      <UniqueIdentifier>{60617cd6-98db-454d-9578-1b275b9b5c54}</UniqueIdentifier>
    </Filter>
    <Filter Include="Engine\09. Component\Camera\CameraScript">
      <UniqueIdentifier>{590f633d-a180-4fec-b678-f6e008857d8f}</UniqueIdentifier>
    </Filter>
    <Filter Include="Engine\09. Component\Camera\Renderer">
      <UniqueIdentifier>{9dd576a8-070f-4fff-bf2e-d09370144d8c}</UniqueIdentifier>
    </Filter>
    <Filter Include="Engine\04. Manager\Helpers">
      <UniqueIdentifier>{b317882f-3c50-4043-87d3-7f83c8585e4a}</UniqueIdentifier>
    </Filter>
    <Filter Include="Engine\04. Manager\Helpers\TimeManager">
      <UniqueIdentifier>{a1c9204f-fde7-439b-a3a8-aea073afa1b4}</UniqueIdentifier>
    </Filter>
    <Filter Include="Engine\04. Manager\Helpers\KeyManager">
      <UniqueIdentifier>{72328a13-aeb6-4aab-a79a-b231af2a6262}</UniqueIdentifier>
    </Filter>
    <Filter Include="Engine\06. Scene\TestScene">
      <UniqueIdentifier>{ac548467-0676-4748-8282-8489aa9b2098}</UniqueIdentifier>
    </Filter>
    <Filter Include="Engine\09. Component\LineRenderer">
      <UniqueIdentifier>{435e30f9-165f-4e56-a4f4-d9982e11990c}</UniqueIdentifier>
    </Filter>
    <Filter Include="Engine\14. Test">
      <UniqueIdentifier>{8d3605d9-6232-4131-bfc8-571d6c5c1598}</UniqueIdentifier>
    </Filter>
    <Filter Include="Engine\09. Component\Collider\LineCollider">
      <UniqueIdentifier>{394b6b82-1090-4ee1-8ed4-03b42feaf966}</UniqueIdentifier>
    </Filter>
    <Filter Include="Engine\04. Manager\DebugManager">
      <UniqueIdentifier>{cf0d2f43-cd94-4dae-af77-d9c7ab613682}</UniqueIdentifier>
    </Filter>
    <Filter Include="Engine\09. Component\Camera\Renderer\DebugRenderer">
      <UniqueIdentifier>{e032121a-fae8-4504-acce-97a84b1a6e71}</UniqueIdentifier>
    </Filter>
    <Filter Include="Engine\05. Object\Ground\CLineGround">
      <UniqueIdentifier>{fa8dce3a-1049-4bfb-afa0-a0986a03a461}</UniqueIdentifier>
    </Filter>
    <Filter Include="Engine\05. Object\UI\MiniMap">
      <UniqueIdentifier>{ccb9dcb5-c952-49d5-930e-5ebcebefa22a}</UniqueIdentifier>
    </Filter>
    <Filter Include="Engine\04. Manager\CameraManager">
      <UniqueIdentifier>{674a9d9b-77ab-4fbd-8ded-2ca9aa4c2e26}</UniqueIdentifier>
    </Filter>
    <Filter Include="Engine\09. Component\Camera\Renderer\BaseRenderer">
      <UniqueIdentifier>{c6d7dd0e-fc97-40da-abae-05d1f63f3951}</UniqueIdentifier>
    </Filter>
    <Filter Include="Engine\05. Object\Portal\PortalScript">
      <UniqueIdentifier>{cf2fa2c1-7ae8-4661-8094-f765be278b95}</UniqueIdentifier>
    </Filter>
    <Filter Include="Engine\06. Scene\The_Land_of_Weathered_gladness">
      <UniqueIdentifier>{6765905f-605a-4fbc-bf91-644039614bd0}</UniqueIdentifier>
    </Filter>
    <Filter Include="Engine\06. Scene\The_Lake_of_Oblivion">
      <UniqueIdentifier>{55045056-a379-431a-b2d3-3913fc14a0c5}</UniqueIdentifier>
    </Filter>
    <Filter Include="Engine\05. Object\Monster\Erdas">
      <UniqueIdentifier>{52d19e4f-2fdc-4b69-b6c0-4b7196cd38de}</UniqueIdentifier>
    </Filter>
    <Filter Include="Engine\05. Object\NPC">
      <UniqueIdentifier>{c2bf9f2d-81bb-4b9d-ab67-4ea320864274}</UniqueIdentifier>
    </Filter>
    <Filter Include="Engine\05. Object\Item\CEtcItem">
      <UniqueIdentifier>{10b2dd30-64d7-4ac9-bf0a-b574c2b67a8e}</UniqueIdentifier>
    </Filter>
    <Filter Include="Engine\05. Object\Player\PlayerBehaviour">
      <UniqueIdentifier>{26ac01b1-109b-4119-a533-909a66a17ee0}</UniqueIdentifier>
    </Filter>
    <Filter Include="Engine\05. Object\Item\ItemScript">
      <UniqueIdentifier>{de379686-5f78-49a5-b406-8c1b8f480281}</UniqueIdentifier>
    </Filter>
    <Filter Include="Engine\05. Object\UI\InventoryUI">
      <UniqueIdentifier>{256579c5-0ad6-41b8-9d53-996d74789045}</UniqueIdentifier>
    </Filter>
    <Filter Include="Engine\05. Object\Inventory">
      <UniqueIdentifier>{0ca81f04-9af6-493a-a29c-edcceccfa9f5}</UniqueIdentifier>
    </Filter>
  </ItemGroup>
  <ItemGroup>
    <ClInclude Include="framework.h">
      <Filter>헤더 파일</Filter>
    </ClInclude>
    <ClInclude Include="targetver.h">
      <Filter>헤더 파일</Filter>
    </ClInclude>
    <ClInclude Include="Resource.h">
      <Filter>헤더 파일</Filter>
    </ClInclude>
    <ClInclude Include="Maple_Winapi.h">
      <Filter>헤더 파일</Filter>
    </ClInclude>
    <ClInclude Include="CMath.h">
      <Filter>Engine\01. Header\Math</Filter>
    </ClInclude>
    <ClInclude Include="Define.h">
      <Filter>Engine\01. Header</Filter>
    </ClInclude>
    <ClInclude Include="Enum.h">
      <Filter>Engine\01. Header</Filter>
    </ClInclude>
    <ClInclude Include="pch.h">
      <Filter>Engine\01. Header</Filter>
    </ClInclude>
    <ClInclude Include="Core\CCore.h">
      <Filter>Engine\02. Core</Filter>
    </ClInclude>
    <ClInclude Include="Entity\CEntity.h">
      <Filter>Engine\03. Entity</Filter>
    </ClInclude>
    <ClInclude Include="Manager\CColliderManager.h">
      <Filter>Engine\04. Manager\CollisionManager</Filter>
    </ClInclude>
    <ClInclude Include="Manager\CDamageManager.h">
      <Filter>Engine\04. Manager\DamageManager</Filter>
    </ClInclude>
    <ClInclude Include="Manager\CKeyManager.h">
      <Filter>Engine\04. Manager\Helpers\KeyManager</Filter>
    </ClInclude>
    <ClInclude Include="Manager\CPathManager.h">
      <Filter>Engine\04. Manager\PathManager</Filter>
    </ClInclude>
    <ClInclude Include="Manager\CResourceManager.h">
      <Filter>Engine\04. Manager\ResourceManager</Filter>
    </ClInclude>
    <ClInclude Include="Manager\CTimeManager.h">
      <Filter>Engine\04. Manager\Helpers\TimeManager</Filter>
    </ClInclude>
    <ClInclude Include="Manager\CUIManager.h">
      <Filter>Engine\04. Manager\UIManager</Filter>
    </ClInclude>
    <ClInclude Include="Object\CDamage.h">
      <Filter>Engine\05. Object\Damage</Filter>
    </ClInclude>
    <ClInclude Include="Object\CGameObject.h">
      <Filter>Engine\05. Object\GameObject</Filter>
    </ClInclude>
    <ClInclude Include="Object\CBackGround.h">
      <Filter>Engine\05. Object\Ground</Filter>
    </ClInclude>
    <ClInclude Include="Object\CMeso.h">
      <Filter>Engine\05. Object\Item\Meso</Filter>
    </ClInclude>
    <ClInclude Include="Object\CItem.h">
      <Filter>Engine\05. Object\Item</Filter>
    </ClInclude>
    <ClInclude Include="Object\CMonsterScript.h">
      <Filter>Engine\05. Object\Monster\MonsterScript</Filter>
    </ClInclude>
    <ClInclude Include="Object\CMonster.h">
      <Filter>Engine\05. Object\Monster</Filter>
    </ClInclude>
    <ClInclude Include="Object\CPlayerScript.h">
      <Filter>Engine\05. Object\Player\PlayerScript</Filter>
    </ClInclude>
    <ClInclude Include="Object\CPlayer.h">
      <Filter>Engine\05. Object\Player</Filter>
    </ClInclude>
    <ClInclude Include="Object\CPortal.h">
      <Filter>Engine\05. Object\Portal</Filter>
    </ClInclude>
    <ClInclude Include="Object\CBtnUI.h">
      <Filter>Engine\05. Object\UI\UIBtn</Filter>
    </ClInclude>
    <ClInclude Include="Object\CUIHUD.h">
      <Filter>Engine\05. Object\UI\UIHUD</Filter>
    </ClInclude>
    <ClInclude Include="Object\CUI.h">
      <Filter>Engine\05. Object\UI</Filter>
    </ClInclude>
    <ClInclude Include="Object\CObject.h">
      <Filter>Engine\05. Object</Filter>
    </ClInclude>
    <ClInclude Include="Scene\CDontDestroyOnLoad.h">
      <Filter>Engine\06. Scene\DontDestroyOnLoad</Filter>
    </ClInclude>
    <ClInclude Include="CLoadScene.h">
      <Filter>Engine\06. Scene\LoadScene</Filter>
    </ClInclude>
    <ClInclude Include="Scene\CLoadingScene.h">
      <Filter>Engine\06. Scene\LoadingScene</Filter>
    </ClInclude>
    <ClInclude Include="Scene\CScene_Stage01.h">
      <Filter>Engine\06. Scene\Scene_Stage01</Filter>
    </ClInclude>
    <ClInclude Include="Scene\CScene_Stage02.h">
      <Filter>Engine\06. Scene\Scene_Stage02</Filter>
    </ClInclude>
    <ClInclude Include="Scene\CScene_Start.h">
      <Filter>Engine\06. Scene\Scene_Start</Filter>
    </ClInclude>
    <ClInclude Include="Scene\CScene.h">
      <Filter>Engine\06. Scene</Filter>
    </ClInclude>
    <ClInclude Include="Resource\CAudioClip.h">
      <Filter>Engine\08. Resource\Audio</Filter>
    </ClInclude>
    <ClInclude Include="Resource\CMesh.h">
      <Filter>Engine\08. Resource\Mesh</Filter>
    </ClInclude>
    <ClInclude Include="Resource\CMaterial.h">
      <Filter>Engine\08. Resource\Material</Filter>
    </ClInclude>
    <ClInclude Include="Resource\CTexture.h">
      <Filter>Engine\08. Resource\Texture</Filter>
    </ClInclude>
    <ClInclude Include="Resource\CResource.h">
      <Filter>Engine\08. Resource</Filter>
    </ClInclude>
    <ClInclude Include="Component\CAnimation.h">
      <Filter>Engine\09. Component\Animator\Animation</Filter>
    </ClInclude>
    <ClInclude Include="Component\CAnimator.h">
      <Filter>Engine\09. Component\Animator</Filter>
    </ClInclude>
    <ClInclude Include="Component\CAudioSource.h">
      <Filter>Engine\09. Component\Audio</Filter>
    </ClInclude>
    <ClInclude Include="Component\CAudioListener.h">
      <Filter>Engine\09. Component\Audio</Filter>
    </ClInclude>
    <ClInclude Include="Component\CBoxCollider2D.h">
      <Filter>Engine\09. Component\Collider\BoxCollider2D</Filter>
    </ClInclude>
    <ClInclude Include="Component\CCircleCollider2D.h">
      <Filter>Engine\09. Component\Collider\CircleCollider2D</Filter>
    </ClInclude>
    <ClInclude Include="Component\CCollider.h">
      <Filter>Engine\09. Component\Collider</Filter>
    </ClInclude>
    <ClInclude Include="Component\CPixelCollider.h">
      <Filter>Engine\09. Component\Collider</Filter>
    </ClInclude>
    <ClInclude Include="Component\CGravity.h">
      <Filter>Engine\09. Component\Gravity</Filter>
    </ClInclude>
    <ClInclude Include="Component\CRigidBody.h">
      <Filter>Engine\09. Component\RigidBody</Filter>
    </ClInclude>
    <ClInclude Include="Component\CScript.h">
      <Filter>Engine\09. Component\Script</Filter>
    </ClInclude>
    <ClInclude Include="Component\CSpriteRenderer.h">
      <Filter>Engine\09. Component\SpriteRenderer</Filter>
    </ClInclude>
    <ClInclude Include="Component\CTransform.h">
      <Filter>Engine\09. Component\Transform</Filter>
    </ClInclude>
    <ClInclude Include="Component\CComponent.h">
      <Filter>Engine\09. Component</Filter>
    </ClInclude>
    <ClInclude Include="Module\SelectGDI.h">
      <Filter>Engine\10. Module</Filter>
    </ClInclude>
    <ClInclude Include="Layer\CLayer.h">
      <Filter>Engine\07. Layer</Filter>
    </ClInclude>
    <ClInclude Include="Fmod\CFmod.h">
      <Filter>Engine\12. Fmod</Filter>
    </ClInclude>
    <ClInclude Include="Graphics\CGraphicsDevice_DX11.h">
      <Filter>Engine\13. Graphics\GraphicsDevice</Filter>
    </ClInclude>
    <ClInclude Include="Graphics\CConstantBuffer.h">
      <Filter>Engine\13. Graphics\GpuBuffer</Filter>
    </ClInclude>
    <ClInclude Include="Graphics\CIndexBuffer.h">
      <Filter>Engine\13. Graphics\GpuBuffer</Filter>
    </ClInclude>
    <ClInclude Include="Graphics\CVertexBuffer.h">
      <Filter>Engine\13. Graphics\GpuBuffer</Filter>
    </ClInclude>
    <ClInclude Include="Graphics\CInputLayout.h">
      <Filter>Engine\13. Graphics\InputLayout</Filter>
    </ClInclude>
    <ClInclude Include="Graphics\CGraphics.h">
      <Filter>Engine\13. Graphics</Filter>
    </ClInclude>
    <ClInclude Include="Component\CCamera.h">
      <Filter>Engine\09. Component\Camera</Filter>
    </ClInclude>
    <ClInclude Include="Component\CCameraScript.h">
      <Filter>Engine\09. Component\Camera\CameraScript</Filter>
    </ClInclude>
    <ClInclude Include="Component\CRenderer.h">
      <Filter>Engine\09. Component\Camera\Renderer</Filter>
    </ClInclude>
    <ClInclude Include="Struct.h">
      <Filter>Engine\01. Header</Filter>
    </ClInclude>
    <ClInclude Include="Resource\CShader.h">
      <Filter>Engine\08. Resource\Graphics\Shader</Filter>
    </ClInclude>
    <ClInclude Include="Scene\CTestScene.h">
      <Filter>Engine\06. Scene\TestScene</Filter>
    </ClInclude>
    <ClInclude Include="Scene\CRectDrawScene.h">
      <Filter>Engine\06. Scene\TestScene</Filter>
    </ClInclude>
    <ClInclude Include="Component\CLineRenderer.h">
      <Filter>Engine\09. Component\LineRenderer</Filter>
    </ClInclude>
    <ClInclude Include="Manager\CSceneManager.h">
      <Filter>Engine\04. Manager\SceneManager</Filter>
    </ClInclude>
    <ClInclude Include="sample.h">
      <Filter>Engine</Filter>
    </ClInclude>
    <ClInclude Include="Scene\CPixScene.h">
      <Filter>Engine\06. Scene\TestScene</Filter>
    </ClInclude>
    <ClInclude Include="Test\CDrawCollisionBox.h">
      <Filter>Engine\14. Test</Filter>
    </ClInclude>
    <ClInclude Include="Component\CLineCollider.h">
      <Filter>Engine\09. Component\Collider\LineCollider</Filter>
    </ClInclude>
    <ClInclude Include="Manager\CDebugManager.h">
      <Filter>Engine\04. Manager\DebugManager</Filter>
    </ClInclude>
    <ClInclude Include="Component\CDebugRenderer.h">
      <Filter>Engine\14. Test</Filter>
    </ClInclude>
    <ClInclude Include="Object\CLineBackGround.h">
      <Filter>Engine\05. Object\Ground\CLineGround</Filter>
    </ClInclude>
    <ClInclude Include="Object\CMiniMap.h">
      <Filter>Engine\05. Object\UI\MiniMap</Filter>
    </ClInclude>
    <ClInclude Include="Manager\CCameraManager.h">
      <Filter>Engine\04. Manager\CameraManager</Filter>
    </ClInclude>
    <ClInclude Include="Component\CBaseRenderer.h">
      <Filter>Engine\09. Component\Camera\Renderer\BaseRenderer</Filter>
    </ClInclude>
    <ClInclude Include="Component\CPortalScript.h">
      <Filter>Engine\05. Object\Portal\PortalScript</Filter>
    </ClInclude>
    <ClInclude Include="Scene\The_Land_of_Weathered_gladness.h">
      <Filter>Engine\06. Scene\The_Land_of_Weathered_gladness</Filter>
    </ClInclude>
    <ClInclude Include="Scene\The_Lake_of_Oblivion.h">
      <Filter>Engine\06. Scene\The_Lake_of_Oblivion</Filter>
    </ClInclude>
    <ClInclude Include="Object\Erdas_of_Gladness.h">
      <Filter>Engine\05. Object\Monster\Erdas</Filter>
    </ClInclude>
    <ClInclude Include="Object\CObjectPool.h">
      <Filter>Engine\05. Object</Filter>
    </ClInclude>
    <ClInclude Include="Object\CNpc.h">
      <Filter>Engine\05. Object\NPC</Filter>
    </ClInclude>
    <ClInclude Include="Test\CRandom.h">
      <Filter>Engine\14. Test</Filter>
    </ClInclude>
    <ClInclude Include="Object\CEtcItem.h">
      <Filter>Engine\05. Object\Item\CEtcItem</Filter>
    </ClInclude>
    <ClInclude Include="Object\CPlayerBehavious.h">
      <Filter>Engine\05. Object\Player\PlayerBehaviour</Filter>
    </ClInclude>
    <ClInclude Include="Object\CItemScript.h">
      <Filter>Engine\05. Object\Item\ItemScript</Filter>
    </ClInclude>
    <ClInclude Include="Object\CInventoryUI.h">
      <Filter>Engine\05. Object\UI\InventoryUI</Filter>
    </ClInclude>
    <ClInclude Include="Object\CInventory.h">
      <Filter>Engine\05. Object\Inventory</Filter>
    </ClInclude>
  </ItemGroup>
  <ItemGroup>
    <ClCompile Include="main.cpp">
      <Filter>소스 파일</Filter>
    </ClCompile>
    <ClCompile Include="CMath.cpp">
      <Filter>Engine\01. Header\Math</Filter>
    </ClCompile>
    <ClCompile Include="Core\CCore.cpp">
      <Filter>Engine\02. Core</Filter>
    </ClCompile>
    <ClCompile Include="Entity\CEntity.cpp">
      <Filter>Engine\03. Entity</Filter>
    </ClCompile>
    <ClCompile Include="Manager\CColliderManager.cpp">
      <Filter>Engine\04. Manager\CollisionManager</Filter>
    </ClCompile>
    <ClCompile Include="Manager\CDamageManager.cpp">
      <Filter>Engine\04. Manager\DamageManager</Filter>
    </ClCompile>
    <ClCompile Include="Manager\CKeyManager.cpp">
      <Filter>Engine\04. Manager\Helpers\KeyManager</Filter>
    </ClCompile>
    <ClCompile Include="Manager\CPathManager.cpp">
      <Filter>Engine\04. Manager\PathManager</Filter>
    </ClCompile>
    <ClCompile Include="Manager\CResourceManager.cpp">
      <Filter>Engine\04. Manager\ResourceManager</Filter>
    </ClCompile>
    <ClCompile Include="Manager\CSceneManager.cpp">
      <Filter>Engine\04. Manager\SceneManager</Filter>
    </ClCompile>
    <ClCompile Include="Manager\CTimeManager.cpp">
      <Filter>Engine\04. Manager\Helpers\TimeManager</Filter>
    </ClCompile>
    <ClCompile Include="Manager\CUIManager.cpp">
      <Filter>Engine\04. Manager\UIManager</Filter>
    </ClCompile>
    <ClCompile Include="Object\CDamage.cpp">
      <Filter>Engine\05. Object\Damage</Filter>
    </ClCompile>
    <ClCompile Include="Object\CGameObject.cpp">
      <Filter>Engine\05. Object\GameObject</Filter>
    </ClCompile>
    <ClCompile Include="Object\CBackGround.cpp">
      <Filter>Engine\05. Object\Ground</Filter>
    </ClCompile>
    <ClCompile Include="Object\CMeso.cpp">
      <Filter>Engine\05. Object\Item\Meso</Filter>
    </ClCompile>
    <ClCompile Include="Object\CItem.cpp">
      <Filter>Engine\05. Object\Item</Filter>
    </ClCompile>
    <ClCompile Include="Object\CMonsterScript.cpp">
      <Filter>Engine\05. Object\Monster\MonsterScript</Filter>
    </ClCompile>
    <ClCompile Include="Object\CMonster.cpp">
      <Filter>Engine\05. Object\Monster</Filter>
    </ClCompile>
    <ClCompile Include="Object\CPlayerScript.cpp">
      <Filter>Engine\05. Object\Player\PlayerScript</Filter>
    </ClCompile>
    <ClCompile Include="Object\CPlayer.cpp">
      <Filter>Engine\05. Object\Player</Filter>
    </ClCompile>
    <ClCompile Include="Object\CPortal.cpp">
      <Filter>Engine\05. Object\Portal</Filter>
    </ClCompile>
    <ClCompile Include="Object\CBtnUI.cpp">
      <Filter>Engine\05. Object\UI\UIBtn</Filter>
    </ClCompile>
    <ClCompile Include="Object\CUIHUD.cpp">
      <Filter>Engine\05. Object\UI\UIHUD</Filter>
    </ClCompile>
    <ClCompile Include="Object\CUI.cpp">
      <Filter>Engine\05. Object\UI</Filter>
    </ClCompile>
    <ClCompile Include="Object\CObject.cpp">
      <Filter>Engine\05. Object</Filter>
    </ClCompile>
    <ClCompile Include="Scene\CDontDestroyOnLoad.cpp">
      <Filter>Engine\06. Scene\DontDestroyOnLoad</Filter>
    </ClCompile>
    <ClCompile Include="Scene\CLoadingScene.cpp">
      <Filter>Engine\06. Scene\LoadingScene</Filter>
    </ClCompile>
    <ClCompile Include="Scene\CScene_Stage01.cpp">
      <Filter>Engine\06. Scene\Scene_Stage01</Filter>
    </ClCompile>
    <ClCompile Include="Scene\CScene_Stage02.cpp">
      <Filter>Engine\06. Scene\Scene_Stage02</Filter>
    </ClCompile>
    <ClCompile Include="Scene\CScene_Start.cpp">
      <Filter>Engine\06. Scene\Scene_Start</Filter>
    </ClCompile>
    <ClCompile Include="Scene\CScene.cpp">
      <Filter>Engine\06. Scene</Filter>
    </ClCompile>
    <ClCompile Include="Resource\CAudioClip.cpp">
      <Filter>Engine\08. Resource\Audio</Filter>
    </ClCompile>
    <ClCompile Include="Resource\CMesh.cpp">
      <Filter>Engine\08. Resource\Mesh</Filter>
    </ClCompile>
    <ClCompile Include="Resource\CMaterial.cpp">
      <Filter>Engine\08. Resource\Material</Filter>
    </ClCompile>
    <ClCompile Include="Resource\CTexture.cpp">
      <Filter>Engine\08. Resource\Texture</Filter>
    </ClCompile>
    <ClCompile Include="Resource\CResource.cpp">
      <Filter>Engine\08. Resource</Filter>
    </ClCompile>
    <ClCompile Include="Component\CAnimation.cpp">
      <Filter>Engine\09. Component\Animator\Animation</Filter>
    </ClCompile>
    <ClCompile Include="Component\CAnimator.cpp">
      <Filter>Engine\09. Component\Animator</Filter>
    </ClCompile>
    <ClCompile Include="Component\CAudioSource.cpp">
      <Filter>Engine\09. Component\Audio</Filter>
    </ClCompile>
    <ClCompile Include="Component\CAudioListener.cpp">
      <Filter>Engine\09. Component\Audio</Filter>
    </ClCompile>
    <ClCompile Include="Component\CBoxCollider2D.cpp">
      <Filter>Engine\09. Component\Collider\BoxCollider2D</Filter>
    </ClCompile>
    <ClCompile Include="Component\CCircleCollider2D.cpp">
      <Filter>Engine\09. Component\Collider\CircleCollider2D</Filter>
    </ClCompile>
    <ClCompile Include="Component\CCollider.cpp">
      <Filter>Engine\09. Component\Collider</Filter>
    </ClCompile>
    <ClCompile Include="Component\CPixelCollider.cpp">
      <Filter>Engine\09. Component\Collider</Filter>
    </ClCompile>
    <ClCompile Include="Component\CGravity.cpp">
      <Filter>Engine\09. Component\Gravity</Filter>
    </ClCompile>
    <ClCompile Include="Component\CRigidBody.cpp">
      <Filter>Engine\09. Component\RigidBody</Filter>
    </ClCompile>
    <ClCompile Include="Component\CScript.cpp">
      <Filter>Engine\09. Component\Script</Filter>
    </ClCompile>
    <ClCompile Include="Component\CSpriteRenderer.cpp">
      <Filter>Engine\09. Component\SpriteRenderer</Filter>
    </ClCompile>
    <ClCompile Include="Component\CTransform.cpp">
      <Filter>Engine\09. Component\Transform</Filter>
    </ClCompile>
    <ClCompile Include="Component\CComponent.cpp">
      <Filter>Engine\09. Component</Filter>
    </ClCompile>
    <ClCompile Include="Module\SelectGDI.cpp">
      <Filter>Engine\10. Module</Filter>
    </ClCompile>
    <ClCompile Include="Layer\CLayer.cpp">
      <Filter>Engine\07. Layer</Filter>
    </ClCompile>
    <ClCompile Include="Fmod\CFmod.cpp">
      <Filter>Engine\12. Fmod</Filter>
    </ClCompile>
    <ClCompile Include="Graphics\CGraphicsDevice_DX11.cpp">
      <Filter>Engine\13. Graphics\GraphicsDevice</Filter>
    </ClCompile>
    <ClCompile Include="Graphics\CConstantBuffer.cpp">
      <Filter>Engine\13. Graphics\GpuBuffer</Filter>
    </ClCompile>
    <ClCompile Include="Graphics\CIndexBuffer.cpp">
      <Filter>Engine\13. Graphics\GpuBuffer</Filter>
    </ClCompile>
    <ClCompile Include="Graphics\CInputLayout.cpp">
      <Filter>Engine\13. Graphics\InputLayout</Filter>
    </ClCompile>
    <ClCompile Include="Component\CCamera.cpp">
      <Filter>Engine\09. Component\Camera</Filter>
    </ClCompile>
    <ClCompile Include="Component\CCameraScript.cpp">
      <Filter>Engine\09. Component\Camera\CameraScript</Filter>
    </ClCompile>
    <ClCompile Include="Component\CRenderer.cpp">
      <Filter>Engine\09. Component\Camera\Renderer</Filter>
    </ClCompile>
    <ClCompile Include="Graphics\CVertexBuffer.cpp">
      <Filter>Engine\13. Graphics\GpuBuffer</Filter>
    </ClCompile>
    <ClCompile Include="Resource\CShader.cpp">
      <Filter>Engine\08. Resource\Graphics\Shader</Filter>
    </ClCompile>
    <ClCompile Include="Scene\CTestScene.cpp">
      <Filter>Engine\06. Scene\TestScene</Filter>
    </ClCompile>
    <ClCompile Include="Scene\CRectDrawScene.cpp">
      <Filter>Engine\06. Scene\TestScene</Filter>
    </ClCompile>
    <ClCompile Include="Component\CLineRenderer.cpp">
      <Filter>Engine\09. Component\LineRenderer</Filter>
    </ClCompile>
    <ClCompile Include="Scene\CPixScene.cpp">
      <Filter>Engine\06. Scene\TestScene</Filter>
    </ClCompile>
    <ClCompile Include="Test\CDrawCollisionBox.cpp">
      <Filter>Engine\14. Test</Filter>
    </ClCompile>
    <ClCompile Include="Component\CLineCollider.cpp">
      <Filter>Engine\09. Component\Collider\LineCollider</Filter>
    </ClCompile>
    <ClCompile Include="Manager\CDebugManager.cpp">
      <Filter>Engine\04. Manager\DebugManager</Filter>
    </ClCompile>
    <ClCompile Include="Component\CDebugRenderer.cpp">
      <Filter>Engine\14. Test</Filter>
    </ClCompile>
    <ClCompile Include="Object\CLineBackGround.cpp">
      <Filter>Engine\05. Object\Ground\CLineGround</Filter>
    </ClCompile>
    <ClCompile Include="Object\CMiniMap.cpp">
      <Filter>Engine\05. Object\UI\MiniMap</Filter>
    </ClCompile>
    <ClCompile Include="Manager\CCameraManager.cpp">
      <Filter>Engine\04. Manager\CameraManager</Filter>
    </ClCompile>
    <ClCompile Include="Component\CBaseRenderer.cpp">
      <Filter>Engine\09. Component\Camera\Renderer\BaseRenderer</Filter>
    </ClCompile>
    <ClCompile Include="Component\CPortalScript.cpp">
      <Filter>Engine\05. Object\Portal\PortalScript</Filter>
    </ClCompile>
    <ClCompile Include="Scene\The_Land_of_Weathered_gladness.cpp">
      <Filter>Engine\06. Scene\The_Land_of_Weathered_gladness</Filter>
    </ClCompile>
    <ClCompile Include="Scene\The_Lake_of_Oblivion.cpp">
      <Filter>Engine\06. Scene\The_Lake_of_Oblivion</Filter>
    </ClCompile>
    <ClCompile Include="Object\Erdas_of_Gladness.cpp">
      <Filter>Engine\05. Object\Monster\Erdas</Filter>
    </ClCompile>
    <ClCompile Include="Object\CObjectPool.cpp">
      <Filter>Engine\05. Object</Filter>
    </ClCompile>
    <ClCompile Include="Object\CNpc.cpp">
      <Filter>Engine\05. Object\NPC</Filter>
    </ClCompile>
    <ClCompile Include="Test\CRandom.cpp">
      <Filter>Engine\14. Test</Filter>
    </ClCompile>
    <ClCompile Include="Object\CEtcItem.cpp">
      <Filter>Engine\05. Object\Item\CEtcItem</Filter>
    </ClCompile>
    <ClCompile Include="Object\CPlayerBehavious.cpp">
      <Filter>Engine\05. Object\Player\PlayerBehaviour</Filter>
    </ClCompile>
    <ClCompile Include="Object\CItemScript.cpp">
      <Filter>Engine\05. Object\Item\ItemScript</Filter>
    </ClCompile>
    <ClCompile Include="Object\CInventoryUI.cpp">
      <Filter>Engine\05. Object\UI\InventoryUI</Filter>
    </ClCompile>
    <ClCompile Include="Object\CInventory.cpp">
      <Filter>Engine\05. Object\Inventory</Filter>
    </ClCompile>
  </ItemGroup>
  <ItemGroup>
    <ResourceCompile Include="Maple_Winapi.rc">
      <Filter>리소스 파일</Filter>
    </ResourceCompile>
  </ItemGroup>
  <ItemGroup>
    <Image Include="small.ico">
      <Filter>리소스 파일</Filter>
    </Image>
    <Image Include="Maple_Winapi.ico">
      <Filter>리소스 파일</Filter>
    </Image>
  </ItemGroup>
  <ItemGroup>
    <None Include="..\..\imgui-master\examples\example_win32_directx9\imgui.ini">
      <Filter>소스 파일</Filter>
    </None>
    <None Include="packages.config" />
  </ItemGroup>
</Project>